
Microsoft Visual Studio Solution File, Format Version 12.00
# Visual Studio Version 17
VisualStudioVersion = 17.0.32112.339
MinimumVisualStudioVersion = 10.0.40219.1
Project("{FAE04EC0-301F-11D3-BF4B-00C04F79EFBC}") = "b2b solution", "b2b solution.csproj", "{2E1C240E-6CAB-470B-B2E0-2F19122AC764}"
EndProject
Global
	GlobalSection(SolutionConfigurationPlatforms) = preSolution
		Debug|Any CPU = Debug|Any CPU
		Release|Any CPU = Release|Any CPU
	EndGlobalSection
	GlobalSection(ProjectConfigurationPlatforms) = postSolution
		{2E1C240E-6CAB-470B-B2E0-2F19122AC764}.Debug|Any CPU.ActiveCfg = Debug|Any CPU
		{2E1C240E-6CAB-470B-B2E0-2F19122AC764}.Debug|Any CPU.Build.0 = Debug|Any CPU
		{2E1C240E-6CAB-470B-B2E0-2F19122AC764}.Release|Any CPU.ActiveCfg = Release|Any CPU
		{2E1C240E-6CAB-470B-B2E0-2F19122AC764}.Release|Any CPU.Build.0 = Release|Any CPU
	EndGlobalSection
	GlobalSection(SolutionProperties) = preSolution
		HideSolutionNode = FALSE
	EndGlobalSection
	GlobalSection(ExtensibilityGlobals) = postSolution
		SolutionGuid = {4C34BAEB-AD64-4B5D-8BE1-3B1BE47C42CB}
	EndGlobalSection
	GlobalSection(TeamFoundationVersionControl) = preSolution
		SccNumberOfProjects = 2
		SccEnterpriseProvider = {4CA58AB2-18FA-4F8D-95D4-32DDF27D184C}
		SccTeamFoundationServer = https://dev.azure.com/digitsb2b
		SccLocalPath0 = .
		SccProjectUniqueName1 = b2b\u0020solution.csproj
		SccLocalPath1 = .
	EndGlobalSection
EndGlobal
